
Microsoft Visual Studio Solution File, Format Version 12.00
# Visual Studio Version 16
VisualStudioVersion = 16.0.29411.108
MinimumVisualStudioVersion = 10.0.40219.1
Project("{FAE04EC0-301F-11D3-BF4B-00C04F79EFBC}") = "lesson8Ex4Calculation", "lesson8Ex4Calculation\lesson8Ex4Calculation.csproj", "{9F0916F2-7B00-4D31-9664-F7A7A49C92A7}"
EndProject
Global
	GlobalSection(SolutionConfigurationPlatforms) = preSolution
		Debug|Any CPU = Debug|Any CPU
		Release|Any CPU = Release|Any CPU
	EndGlobalSection
	GlobalSection(ProjectConfigurationPlatforms) = postSolution
		{9F0916F2-7B00-4D31-9664-F7A7A49C92A7}.Debug|Any CPU.ActiveCfg = Debug|Any CPU
		{9F0916F2-7B00-4D31-9664-F7A7A49C92A7}.Debug|Any CPU.Build.0 = Debug|Any CPU
		{9F0916F2-7B00-4D31-9664-F7A7A49C92A7}.Release|Any CPU.ActiveCfg = Release|Any CPU
		{9F0916F2-7B00-4D31-9664-F7A7A49C92A7}.Release|Any CPU.Build.0 = Release|Any CPU
	EndGlobalSection
	GlobalSection(SolutionProperties) = preSolution
		HideSolutionNode = FALSE
	EndGlobalSection
	GlobalSection(ExtensibilityGlobals) = postSolution
		SolutionGuid = {8F8C8ED7-68C9-4E04-805D-A384AC449245}
	EndGlobalSection
EndGlobal
