
Microsoft Visual Studio Solution File, Format Version 12.00
# Visual Studio Version 16
VisualStudioVersion = 16.0.29411.108
MinimumVisualStudioVersion = 10.0.40219.1
Project("{FAE04EC0-301F-11D3-BF4B-00C04F79EFBC}") = "Exercise1", "Exercise1\Exercise1.csproj", "{FFE23DBE-9A83-4FD8-8703-4F4D9DA75B83}"
EndProject
Global
	GlobalSection(SolutionConfigurationPlatforms) = preSolution
		Debug|Any CPU = Debug|Any CPU
		Release|Any CPU = Release|Any CPU
	EndGlobalSection
	GlobalSection(ProjectConfigurationPlatforms) = postSolution
		{FFE23DBE-9A83-4FD8-8703-4F4D9DA75B83}.Debug|Any CPU.ActiveCfg = Debug|Any CPU
		{FFE23DBE-9A83-4FD8-8703-4F4D9DA75B83}.Debug|Any CPU.Build.0 = Debug|Any CPU
		{FFE23DBE-9A83-4FD8-8703-4F4D9DA75B83}.Release|Any CPU.ActiveCfg = Release|Any CPU
		{FFE23DBE-9A83-4FD8-8703-4F4D9DA75B83}.Release|Any CPU.Build.0 = Release|Any CPU
	EndGlobalSection
	GlobalSection(SolutionProperties) = preSolution
		HideSolutionNode = FALSE
	EndGlobalSection
	GlobalSection(ExtensibilityGlobals) = postSolution
		SolutionGuid = {75E11F22-B2BF-48AE-B212-A7D14E4D274A}
	EndGlobalSection
EndGlobal
