
Microsoft Visual Studio Solution File, Format Version 12.00
# Visual Studio Version 16
VisualStudioVersion = 16.0.29411.108
MinimumVisualStudioVersion = 10.0.40219.1
Project("{FAE04EC0-301F-11D3-BF4B-00C04F79EFBC}") = "Lesson6Ex3", "Lesson6Ex3\Lesson6Ex3.csproj", "{A19A6934-3D78-46C1-BD52-A6B4F23B9786}"
EndProject
Global
	GlobalSection(SolutionConfigurationPlatforms) = preSolution
		Debug|Any CPU = Debug|Any CPU
		Release|Any CPU = Release|Any CPU
	EndGlobalSection
	GlobalSection(ProjectConfigurationPlatforms) = postSolution
		{A19A6934-3D78-46C1-BD52-A6B4F23B9786}.Debug|Any CPU.ActiveCfg = Debug|Any CPU
		{A19A6934-3D78-46C1-BD52-A6B4F23B9786}.Debug|Any CPU.Build.0 = Debug|Any CPU
		{A19A6934-3D78-46C1-BD52-A6B4F23B9786}.Release|Any CPU.ActiveCfg = Release|Any CPU
		{A19A6934-3D78-46C1-BD52-A6B4F23B9786}.Release|Any CPU.Build.0 = Release|Any CPU
	EndGlobalSection
	GlobalSection(SolutionProperties) = preSolution
		HideSolutionNode = FALSE
	EndGlobalSection
	GlobalSection(ExtensibilityGlobals) = postSolution
		SolutionGuid = {2ACD3366-268D-4856-B132-B6F2DB7C0666}
	EndGlobalSection
EndGlobal
