
Microsoft Visual Studio Solution File, Format Version 12.00
# Visual Studio Version 16
VisualStudioVersion = 16.0.29411.108
MinimumVisualStudioVersion = 10.0.40219.1
Project("{FAE04EC0-301F-11D3-BF4B-00C04F79EFBC}") = "L1Ex1", "L1Ex1\L1Ex1.csproj", "{9C41D7B1-BCD3-4810-9C08-D5038842FCBE}"
EndProject
Global
	GlobalSection(SolutionConfigurationPlatforms) = preSolution
		Debug|Any CPU = Debug|Any CPU
		Release|Any CPU = Release|Any CPU
	EndGlobalSection
	GlobalSection(ProjectConfigurationPlatforms) = postSolution
		{9C41D7B1-BCD3-4810-9C08-D5038842FCBE}.Debug|Any CPU.ActiveCfg = Debug|Any CPU
		{9C41D7B1-BCD3-4810-9C08-D5038842FCBE}.Debug|Any CPU.Build.0 = Debug|Any CPU
		{9C41D7B1-BCD3-4810-9C08-D5038842FCBE}.Release|Any CPU.ActiveCfg = Release|Any CPU
		{9C41D7B1-BCD3-4810-9C08-D5038842FCBE}.Release|Any CPU.Build.0 = Release|Any CPU
	EndGlobalSection
	GlobalSection(SolutionProperties) = preSolution
		HideSolutionNode = FALSE
	EndGlobalSection
	GlobalSection(ExtensibilityGlobals) = postSolution
		SolutionGuid = {485AE527-FCD6-4906-AEC9-A517AE6CBC63}
	EndGlobalSection
EndGlobal
