
Microsoft Visual Studio Solution File, Format Version 12.00
# Visual Studio Version 16
VisualStudioVersion = 16.0.29411.108
MinimumVisualStudioVersion = 10.0.40219.1
Project("{FAE04EC0-301F-11D3-BF4B-00C04F79EFBC}") = "002_Alias", "002_Alias\002_Alias.csproj", "{0BEAB735-9BE4-44A6-92B6-EC7FC484F50B}"
EndProject
Global
	GlobalSection(SolutionConfigurationPlatforms) = preSolution
		Debug|Any CPU = Debug|Any CPU
		Release|Any CPU = Release|Any CPU
	EndGlobalSection
	GlobalSection(ProjectConfigurationPlatforms) = postSolution
		{0BEAB735-9BE4-44A6-92B6-EC7FC484F50B}.Debug|Any CPU.ActiveCfg = Debug|Any CPU
		{0BEAB735-9BE4-44A6-92B6-EC7FC484F50B}.Debug|Any CPU.Build.0 = Debug|Any CPU
		{0BEAB735-9BE4-44A6-92B6-EC7FC484F50B}.Release|Any CPU.ActiveCfg = Release|Any CPU
		{0BEAB735-9BE4-44A6-92B6-EC7FC484F50B}.Release|Any CPU.Build.0 = Release|Any CPU
	EndGlobalSection
	GlobalSection(SolutionProperties) = preSolution
		HideSolutionNode = FALSE
	EndGlobalSection
	GlobalSection(ExtensibilityGlobals) = postSolution
		SolutionGuid = {6C9F5645-A13B-455D-8937-D5C382E6E6B9}
	EndGlobalSection
EndGlobal
