
Microsoft Visual Studio Solution File, Format Version 12.00
# Visual Studio Version 16
VisualStudioVersion = 16.0.29411.108
MinimumVisualStudioVersion = 10.0.40219.1
Project("{FAE04EC0-301F-11D3-BF4B-00C04F79EFBC}") = "Lesson5Ex1", "Lesson5Ex1\Lesson5Ex1.csproj", "{284F064B-EFB2-4A96-87A4-3E2F9AEC0E15}"
EndProject
Global
	GlobalSection(SolutionConfigurationPlatforms) = preSolution
		Debug|Any CPU = Debug|Any CPU
		Release|Any CPU = Release|Any CPU
	EndGlobalSection
	GlobalSection(ProjectConfigurationPlatforms) = postSolution
		{284F064B-EFB2-4A96-87A4-3E2F9AEC0E15}.Debug|Any CPU.ActiveCfg = Debug|Any CPU
		{284F064B-EFB2-4A96-87A4-3E2F9AEC0E15}.Debug|Any CPU.Build.0 = Debug|Any CPU
		{284F064B-EFB2-4A96-87A4-3E2F9AEC0E15}.Release|Any CPU.ActiveCfg = Release|Any CPU
		{284F064B-EFB2-4A96-87A4-3E2F9AEC0E15}.Release|Any CPU.Build.0 = Release|Any CPU
	EndGlobalSection
	GlobalSection(SolutionProperties) = preSolution
		HideSolutionNode = FALSE
	EndGlobalSection
	GlobalSection(ExtensibilityGlobals) = postSolution
		SolutionGuid = {279578DC-B178-4A10-B290-676311B48F33}
	EndGlobalSection
EndGlobal
