
Microsoft Visual Studio Solution File, Format Version 12.00
# Visual Studio Version 16
VisualStudioVersion = 16.0.29411.108
MinimumVisualStudioVersion = 10.0.40219.1
Project("{FAE04EC0-301F-11D3-BF4B-00C04F79EFBC}") = "Translator", "Translator\Translator.csproj", "{68221275-A4F1-42B1-BED6-AD134C173CD2}"
EndProject
Global
	GlobalSection(SolutionConfigurationPlatforms) = preSolution
		Debug|Any CPU = Debug|Any CPU
		Release|Any CPU = Release|Any CPU
	EndGlobalSection
	GlobalSection(ProjectConfigurationPlatforms) = postSolution
		{68221275-A4F1-42B1-BED6-AD134C173CD2}.Debug|Any CPU.ActiveCfg = Debug|Any CPU
		{68221275-A4F1-42B1-BED6-AD134C173CD2}.Debug|Any CPU.Build.0 = Debug|Any CPU
		{68221275-A4F1-42B1-BED6-AD134C173CD2}.Release|Any CPU.ActiveCfg = Release|Any CPU
		{68221275-A4F1-42B1-BED6-AD134C173CD2}.Release|Any CPU.Build.0 = Release|Any CPU
	EndGlobalSection
	GlobalSection(SolutionProperties) = preSolution
		HideSolutionNode = FALSE
	EndGlobalSection
	GlobalSection(ExtensibilityGlobals) = postSolution
		SolutionGuid = {A90FEE6E-A9C5-48D2-A376-2B472484EF36}
	EndGlobalSection
EndGlobal
