
Microsoft Visual Studio Solution File, Format Version 12.00
# Visual Studio Version 16
VisualStudioVersion = 16.0.29411.108
MinimumVisualStudioVersion = 10.0.40219.1
Project("{FAE04EC0-301F-11D3-BF4B-00C04F79EFBC}") = "lesson6Additionally", "lesson6Additionally\lesson6Additionally.csproj", "{698ACACC-6B8C-44CF-926A-96D3308384FD}"
EndProject
Global
	GlobalSection(SolutionConfigurationPlatforms) = preSolution
		Debug|Any CPU = Debug|Any CPU
		Release|Any CPU = Release|Any CPU
	EndGlobalSection
	GlobalSection(ProjectConfigurationPlatforms) = postSolution
		{698ACACC-6B8C-44CF-926A-96D3308384FD}.Debug|Any CPU.ActiveCfg = Debug|Any CPU
		{698ACACC-6B8C-44CF-926A-96D3308384FD}.Debug|Any CPU.Build.0 = Debug|Any CPU
		{698ACACC-6B8C-44CF-926A-96D3308384FD}.Release|Any CPU.ActiveCfg = Release|Any CPU
		{698ACACC-6B8C-44CF-926A-96D3308384FD}.Release|Any CPU.Build.0 = Release|Any CPU
	EndGlobalSection
	GlobalSection(SolutionProperties) = preSolution
		HideSolutionNode = FALSE
	EndGlobalSection
	GlobalSection(ExtensibilityGlobals) = postSolution
		SolutionGuid = {55B181FB-677B-4123-94BB-9D39F0793BAA}
	EndGlobalSection
EndGlobal
