
Microsoft Visual Studio Solution File, Format Version 12.00
# Visual Studio Version 16
VisualStudioVersion = 16.0.29411.108
MinimumVisualStudioVersion = 10.0.40219.1
Project("{FAE04EC0-301F-11D3-BF4B-00C04F79EFBC}") = "Lesson5Ex2", "Lesson5Ex2\Lesson5Ex2.csproj", "{372C9316-3D26-4952-85E1-117C5ACDD8E4}"
EndProject
Global
	GlobalSection(SolutionConfigurationPlatforms) = preSolution
		Debug|Any CPU = Debug|Any CPU
		Release|Any CPU = Release|Any CPU
	EndGlobalSection
	GlobalSection(ProjectConfigurationPlatforms) = postSolution
		{372C9316-3D26-4952-85E1-117C5ACDD8E4}.Debug|Any CPU.ActiveCfg = Debug|Any CPU
		{372C9316-3D26-4952-85E1-117C5ACDD8E4}.Debug|Any CPU.Build.0 = Debug|Any CPU
		{372C9316-3D26-4952-85E1-117C5ACDD8E4}.Release|Any CPU.ActiveCfg = Release|Any CPU
		{372C9316-3D26-4952-85E1-117C5ACDD8E4}.Release|Any CPU.Build.0 = Release|Any CPU
	EndGlobalSection
	GlobalSection(SolutionProperties) = preSolution
		HideSolutionNode = FALSE
	EndGlobalSection
	GlobalSection(ExtensibilityGlobals) = postSolution
		SolutionGuid = {7FED892C-F452-4B60-AF81-BAF8CC5D835C}
	EndGlobalSection
EndGlobal
