
Microsoft Visual Studio Solution File, Format Version 12.00
# Visual Studio Version 16
VisualStudioVersion = 16.0.29411.108
MinimumVisualStudioVersion = 10.0.40219.1
Project("{FAE04EC0-301F-11D3-BF4B-00C04F79EFBC}") = "0004_DefaultValues", "0004_DefaultValues\0004_DefaultValues.csproj", "{A60E2F39-A9E2-4D7B-B16A-A34B6610770B}"
EndProject
Global
	GlobalSection(SolutionConfigurationPlatforms) = preSolution
		Debug|Any CPU = Debug|Any CPU
		Release|Any CPU = Release|Any CPU
	EndGlobalSection
	GlobalSection(ProjectConfigurationPlatforms) = postSolution
		{A60E2F39-A9E2-4D7B-B16A-A34B6610770B}.Debug|Any CPU.ActiveCfg = Debug|Any CPU
		{A60E2F39-A9E2-4D7B-B16A-A34B6610770B}.Debug|Any CPU.Build.0 = Debug|Any CPU
		{A60E2F39-A9E2-4D7B-B16A-A34B6610770B}.Release|Any CPU.ActiveCfg = Release|Any CPU
		{A60E2F39-A9E2-4D7B-B16A-A34B6610770B}.Release|Any CPU.Build.0 = Release|Any CPU
	EndGlobalSection
	GlobalSection(SolutionProperties) = preSolution
		HideSolutionNode = FALSE
	EndGlobalSection
	GlobalSection(ExtensibilityGlobals) = postSolution
		SolutionGuid = {9FA8E4E7-8B82-4AEC-8463-50F0FC70F728}
	EndGlobalSection
EndGlobal
