
Microsoft Visual Studio Solution File, Format Version 12.00
# Visual Studio Version 16
VisualStudioVersion = 16.0.29411.108
MinimumVisualStudioVersion = 10.0.40219.1
Project("{FAE04EC0-301F-11D3-BF4B-00C04F79EFBC}") = "Lesson3Ex2", "Lesson3Ex2\Lesson3Ex2.csproj", "{DC47306F-E440-46F2-A84C-5DBCFDD17733}"
EndProject
Global
	GlobalSection(SolutionConfigurationPlatforms) = preSolution
		Debug|Any CPU = Debug|Any CPU
		Release|Any CPU = Release|Any CPU
	EndGlobalSection
	GlobalSection(ProjectConfigurationPlatforms) = postSolution
		{DC47306F-E440-46F2-A84C-5DBCFDD17733}.Debug|Any CPU.ActiveCfg = Debug|Any CPU
		{DC47306F-E440-46F2-A84C-5DBCFDD17733}.Debug|Any CPU.Build.0 = Debug|Any CPU
		{DC47306F-E440-46F2-A84C-5DBCFDD17733}.Release|Any CPU.ActiveCfg = Release|Any CPU
		{DC47306F-E440-46F2-A84C-5DBCFDD17733}.Release|Any CPU.Build.0 = Release|Any CPU
	EndGlobalSection
	GlobalSection(SolutionProperties) = preSolution
		HideSolutionNode = FALSE
	EndGlobalSection
	GlobalSection(ExtensibilityGlobals) = postSolution
		SolutionGuid = {B37441FF-3A86-478E-9DB4-375535D9C8A3}
	EndGlobalSection
EndGlobal
