
Microsoft Visual Studio Solution File, Format Version 12.00
# Visual Studio Version 16
VisualStudioVersion = 16.0.29411.108
MinimumVisualStudioVersion = 10.0.40219.1
Project("{FAE04EC0-301F-11D3-BF4B-00C04F79EFBC}") = "L8Ex4", "L8Ex4\L8Ex4.csproj", "{30A7E474-1AC2-4807-96BD-57D3618F5A47}"
EndProject
Global
	GlobalSection(SolutionConfigurationPlatforms) = preSolution
		Debug|Any CPU = Debug|Any CPU
		Release|Any CPU = Release|Any CPU
	EndGlobalSection
	GlobalSection(ProjectConfigurationPlatforms) = postSolution
		{30A7E474-1AC2-4807-96BD-57D3618F5A47}.Debug|Any CPU.ActiveCfg = Debug|Any CPU
		{30A7E474-1AC2-4807-96BD-57D3618F5A47}.Debug|Any CPU.Build.0 = Debug|Any CPU
		{30A7E474-1AC2-4807-96BD-57D3618F5A47}.Release|Any CPU.ActiveCfg = Release|Any CPU
		{30A7E474-1AC2-4807-96BD-57D3618F5A47}.Release|Any CPU.Build.0 = Release|Any CPU
	EndGlobalSection
	GlobalSection(SolutionProperties) = preSolution
		HideSolutionNode = FALSE
	EndGlobalSection
	GlobalSection(ExtensibilityGlobals) = postSolution
		SolutionGuid = {920B5A5A-C520-4FEA-A21E-0623D98043F9}
	EndGlobalSection
EndGlobal
